
Microsoft Visual Studio Solution File, Format Version 12.00
# Visual Studio Version 16
VisualStudioVersion = 16.0.31025.194
MinimumVisualStudioVersion = 10.0.40219.1
Project("{FAE04EC0-301F-11D3-BF4B-00C04F79EFBC}") = "網頁作業", "網頁作業\網頁作業.csproj", "{2896A92C-DF82-458F-8AAE-9A1512D2C3BA}"
EndProject
Global
	GlobalSection(SolutionConfigurationPlatforms) = preSolution
		Debug|Any CPU = Debug|Any CPU
		Release|Any CPU = Release|Any CPU
	EndGlobalSection
	GlobalSection(ProjectConfigurationPlatforms) = postSolution
		{2896A92C-DF82-458F-8AAE-9A1512D2C3BA}.Debug|Any CPU.ActiveCfg = Debug|Any CPU
		{2896A92C-DF82-458F-8AAE-9A1512D2C3BA}.Debug|Any CPU.Build.0 = Debug|Any CPU
		{2896A92C-DF82-458F-8AAE-9A1512D2C3BA}.Release|Any CPU.ActiveCfg = Release|Any CPU
		{2896A92C-DF82-458F-8AAE-9A1512D2C3BA}.Release|Any CPU.Build.0 = Release|Any CPU
	EndGlobalSection
	GlobalSection(SolutionProperties) = preSolution
		HideSolutionNode = FALSE
	EndGlobalSection
	GlobalSection(ExtensibilityGlobals) = postSolution
		SolutionGuid = {891C2392-D29F-4CB8-90FC-9926AE96D90C}
	EndGlobalSection
EndGlobal
